{
  "name": "@beocreate/choose-country",
  "version": "0.5.0",
  "lockfileVersion": 1,
  "requires": true,
  "dependencies": {
    "country-list": {
      "version": "2.1.1",
      "resolved": "https://registry.npmjs.org/country-list/-/country-list-2.1.1.tgz",
      "integrity": "sha512-MuPW7rwPBlND9iHXg73gO7O3kTGVCDXzW06KXXPYrUdXVc2JF3E4w9YiHm0I5GiOIm6VAhEUDZFWmiVBNyonlw=="
    }
  }
}
